<Solution>
  <Project Path="RoomBuilder2.Runtime.csproj" />
  <Project Path="RoomBuilder2.ImportedCoreBackup.csproj" />
  <Project Path="RoomBuilder2.PlayModeTests.csproj" />
  <Project Path="Assembly-CSharp-Editor.csproj" />
  <Project Path="QuickOutline.csproj" />
  <Project Path="RoomBuilder2.EditorTools.csproj" />
  <Project Path="RoomBuilder2.EditModeTests.csproj" />
  <Project Path="Assembly-CSharp.csproj" />
</Solution>
